
Microsoft Visual Studio Solution File, Format Version 12.00
# Visual Studio Version 17
VisualStudioVersion = 17.7.34009.444
MinimumVisualStudioVersion = 10.0.40219.1
Project("{FAE04EC0-301F-11D3-BF4B-00C04F79EFBC}") = "EXAM_ASP", "EXAM_ASP\EXAM_ASP.csproj", "{DF92B8DF-AA4B-4317-A22B-92A397CC89C0}"
EndProject
Global
	GlobalSection(SolutionConfigurationPlatforms) = preSolution
		Debug|Any CPU = Debug|Any CPU
		Release|Any CPU = Release|Any CPU
	EndGlobalSection
	GlobalSection(ProjectConfigurationPlatforms) = postSolution
		{DF92B8DF-AA4B-4317-A22B-92A397CC89C0}.Debug|Any CPU.ActiveCfg = Debug|Any CPU
		{DF92B8DF-AA4B-4317-A22B-92A397CC89C0}.Debug|Any CPU.Build.0 = Debug|Any CPU
		{DF92B8DF-AA4B-4317-A22B-92A397CC89C0}.Release|Any CPU.ActiveCfg = Release|Any CPU
		{DF92B8DF-AA4B-4317-A22B-92A397CC89C0}.Release|Any CPU.Build.0 = Release|Any CPU
	EndGlobalSection
	GlobalSection(SolutionProperties) = preSolution
		HideSolutionNode = FALSE
	EndGlobalSection
	GlobalSection(ExtensibilityGlobals) = postSolution
		SolutionGuid = {D2F7F4B7-F983-48EB-B00C-E3DBC719DD00}
	EndGlobalSection
EndGlobal
